
Microsoft Visual Studio Solution File, Format Version 12.00
# Visual Studio Version 16
VisualStudioVersion = 16.0.30804.86
MinimumVisualStudioVersion = 10.0.40219.1
Project("{9A19103F-16F7-4668-BE54-9A1E7A4F7556}") = "SignalRCommunicationsServerWebUI", "SignalRCommunicationsServerWebUI\SignalRCommunicationsServerWebUI.csproj", "{6E633D63-956E-435B-8FCC-EE7447AF53EA}"
EndProject
Global
	GlobalSection(SolutionConfigurationPlatforms) = preSolution
		Debug|Any CPU = Debug|Any CPU
		Release|Any CPU = Release|Any CPU
	EndGlobalSection
	GlobalSection(ProjectConfigurationPlatforms) = postSolution
		{6E633D63-956E-435B-8FCC-EE7447AF53EA}.Debug|Any CPU.ActiveCfg = Debug|Any CPU
		{6E633D63-956E-435B-8FCC-EE7447AF53EA}.Debug|Any CPU.Build.0 = Debug|Any CPU
		{6E633D63-956E-435B-8FCC-EE7447AF53EA}.Release|Any CPU.ActiveCfg = Release|Any CPU
		{6E633D63-956E-435B-8FCC-EE7447AF53EA}.Release|Any CPU.Build.0 = Release|Any CPU
	EndGlobalSection
	GlobalSection(SolutionProperties) = preSolution
		HideSolutionNode = FALSE
	EndGlobalSection
	GlobalSection(ExtensibilityGlobals) = postSolution
		SolutionGuid = {6C55AC11-38F9-409E-90FA-3823A3378CA7}
	EndGlobalSection
EndGlobal
